
Microsoft Visual Studio Solution File, Format Version 12.00
# Visual Studio Version 17
VisualStudioVersion = 17.5.33414.496
MinimumVisualStudioVersion = 10.0.40219.1
Project("{FAE04EC0-301F-11D3-BF4B-00C04F79EFBC}") = "PrintLimit", "App\PrintLimit\PrintLimit.csproj", "{54EF40F2-8BD9-4FE0-9A95-F0129F6B0A4C}"
EndProject
Project("{54435603-DBB4-11D2-8724-00A0C9A8B90C}") = "PrintManager", "..\PrintManagerSetup\PrintManager\PrintManager.vdproj", "{5397571E-FAEA-48A2-AA19-3A21B530FC4A}"
EndProject
Project("{FAE04EC0-301F-11D3-BF4B-00C04F79EFBC}") = "RegiserServicePrintLimit", "RegiserServicePrintLimit\RegiserServicePrintLimit.csproj", "{5B3DD2CE-4688-4E2E-B0D1-80697AACF4B3}"
EndProject
Global
	GlobalSection(SolutionConfigurationPlatforms) = preSolution
		Debug|Any CPU = Debug|Any CPU
		Debug|x64 = Debug|x64
		Debug|x86 = Debug|x86
		Release|Any CPU = Release|Any CPU
		Release|x64 = Release|x64
		Release|x86 = Release|x86
	EndGlobalSection
	GlobalSection(ProjectConfigurationPlatforms) = postSolution
		{54EF40F2-8BD9-4FE0-9A95-F0129F6B0A4C}.Debug|Any CPU.ActiveCfg = Debug|Any CPU
		{54EF40F2-8BD9-4FE0-9A95-F0129F6B0A4C}.Debug|Any CPU.Build.0 = Debug|Any CPU
		{54EF40F2-8BD9-4FE0-9A95-F0129F6B0A4C}.Debug|x64.ActiveCfg = Debug|Any CPU
		{54EF40F2-8BD9-4FE0-9A95-F0129F6B0A4C}.Debug|x64.Build.0 = Debug|Any CPU
		{54EF40F2-8BD9-4FE0-9A95-F0129F6B0A4C}.Debug|x86.ActiveCfg = Debug|Any CPU
		{54EF40F2-8BD9-4FE0-9A95-F0129F6B0A4C}.Debug|x86.Build.0 = Debug|Any CPU
		{54EF40F2-8BD9-4FE0-9A95-F0129F6B0A4C}.Release|Any CPU.ActiveCfg = Release|Any CPU
		{54EF40F2-8BD9-4FE0-9A95-F0129F6B0A4C}.Release|Any CPU.Build.0 = Release|Any CPU
		{54EF40F2-8BD9-4FE0-9A95-F0129F6B0A4C}.Release|x64.ActiveCfg = Release|Any CPU
		{54EF40F2-8BD9-4FE0-9A95-F0129F6B0A4C}.Release|x64.Build.0 = Release|Any CPU
		{54EF40F2-8BD9-4FE0-9A95-F0129F6B0A4C}.Release|x86.ActiveCfg = Release|Any CPU
		{54EF40F2-8BD9-4FE0-9A95-F0129F6B0A4C}.Release|x86.Build.0 = Release|Any CPU
		{5397571E-FAEA-48A2-AA19-3A21B530FC4A}.Debug|Any CPU.ActiveCfg = Debug
		{5397571E-FAEA-48A2-AA19-3A21B530FC4A}.Debug|x64.ActiveCfg = Debug
		{5397571E-FAEA-48A2-AA19-3A21B530FC4A}.Debug|x64.Build.0 = Debug
		{5397571E-FAEA-48A2-AA19-3A21B530FC4A}.Debug|x86.ActiveCfg = Debug
		{5397571E-FAEA-48A2-AA19-3A21B530FC4A}.Debug|x86.Build.0 = Debug
		{5397571E-FAEA-48A2-AA19-3A21B530FC4A}.Release|Any CPU.ActiveCfg = Release
		{5397571E-FAEA-48A2-AA19-3A21B530FC4A}.Release|x64.ActiveCfg = Release
		{5397571E-FAEA-48A2-AA19-3A21B530FC4A}.Release|x64.Build.0 = Release
		{5397571E-FAEA-48A2-AA19-3A21B530FC4A}.Release|x86.ActiveCfg = Release
		{5397571E-FAEA-48A2-AA19-3A21B530FC4A}.Release|x86.Build.0 = Release
		{5B3DD2CE-4688-4E2E-B0D1-80697AACF4B3}.Debug|Any CPU.ActiveCfg = Debug|Any CPU
		{5B3DD2CE-4688-4E2E-B0D1-80697AACF4B3}.Debug|Any CPU.Build.0 = Debug|Any CPU
		{5B3DD2CE-4688-4E2E-B0D1-80697AACF4B3}.Debug|x64.ActiveCfg = Debug|Any CPU
		{5B3DD2CE-4688-4E2E-B0D1-80697AACF4B3}.Debug|x64.Build.0 = Debug|Any CPU
		{5B3DD2CE-4688-4E2E-B0D1-80697AACF4B3}.Debug|x86.ActiveCfg = Debug|Any CPU
		{5B3DD2CE-4688-4E2E-B0D1-80697AACF4B3}.Debug|x86.Build.0 = Debug|Any CPU
		{5B3DD2CE-4688-4E2E-B0D1-80697AACF4B3}.Release|Any CPU.ActiveCfg = Release|Any CPU
		{5B3DD2CE-4688-4E2E-B0D1-80697AACF4B3}.Release|Any CPU.Build.0 = Release|Any CPU
		{5B3DD2CE-4688-4E2E-B0D1-80697AACF4B3}.Release|x64.ActiveCfg = Release|Any CPU
		{5B3DD2CE-4688-4E2E-B0D1-80697AACF4B3}.Release|x64.Build.0 = Release|Any CPU
		{5B3DD2CE-4688-4E2E-B0D1-80697AACF4B3}.Release|x86.ActiveCfg = Release|Any CPU
		{5B3DD2CE-4688-4E2E-B0D1-80697AACF4B3}.Release|x86.Build.0 = Release|Any CPU
	EndGlobalSection
	GlobalSection(SolutionProperties) = preSolution
		HideSolutionNode = FALSE
	EndGlobalSection
	GlobalSection(ExtensibilityGlobals) = postSolution
		SolutionGuid = {45FB1731-B148-4B66-87AC-3C18453D327E}
	EndGlobalSection
EndGlobal
